
Microsoft Visual Studio Solution File, Format Version 12.00
# Visual Studio Version 17
VisualStudioVersion = 17.14.36623.8
MinimumVisualStudioVersion = 10.0.40219.1
Project("{8BC9CEB8-8B4A-11D0-8D11-00A0C91BC942}") = "Lab_4.0.8", "Lab_4.0.8\Lab_4.0.8.vcxproj", "{B878A48F-6CEC-4431-9758-E229B5050A38}"
EndProject
Project("{8BC9CEB8-8B4A-11D0-8D11-00A0C91BC942}") = "Lab_4.0.9", "Lab_4.0.9\Lab_4.0.9.vcxproj", "{4ABA66BB-59A1-4268-8DEC-75E205B075B2}"
EndProject
Project("{8BC9CEB8-8B4A-11D0-8D11-00A0C91BC942}") = "Lab_4.1.4", "Lab_4.1.4\Lab_4.1.4.vcxproj", "{E6D4BD82-5FAF-447F-ADF1-E0AC3474FC24}"
EndProject
Project("{8BC9CEB8-8B4A-11D0-8D11-00A0C91BC942}") = "Lab_4.2.27", "Lab_4.2.27\Lab_4.2.27.vcxproj", "{475D0D63-2B1F-4448-B1B9-07A8C3DEE656}"
EndProject
Project("{8BC9CEB8-8B4A-11D0-8D11-00A0C91BC942}") = "Lab_4.2.28", "Lab_4.2.28\Lab_4.2.28.vcxproj", "{72D9821C-0681-4E9B-B190-77C0A55E0BB8}"
EndProject
Project("{8BC9CEB8-8B4A-11D0-8D11-00A0C91BC942}") = "Lab_4.2.29", "Lab_4.2.29\Lab_4.2.29.vcxproj", "{EF7F8860-83B7-41DB-A57B-4B009CDF556E}"
EndProject
Global
	GlobalSection(SolutionConfigurationPlatforms) = preSolution
		Debug|x64 = Debug|x64
		Debug|x86 = Debug|x86
		Release|x64 = Release|x64
		Release|x86 = Release|x86
	EndGlobalSection
	GlobalSection(ProjectConfigurationPlatforms) = postSolution
		{B878A48F-6CEC-4431-9758-E229B5050A38}.Debug|x64.ActiveCfg = Debug|x64
		{B878A48F-6CEC-4431-9758-E229B5050A38}.Debug|x64.Build.0 = Debug|x64
		{B878A48F-6CEC-4431-9758-E229B5050A38}.Debug|x86.ActiveCfg = Debug|Win32
		{B878A48F-6CEC-4431-9758-E229B5050A38}.Debug|x86.Build.0 = Debug|Win32
		{B878A48F-6CEC-4431-9758-E229B5050A38}.Release|x64.ActiveCfg = Release|x64
		{B878A48F-6CEC-4431-9758-E229B5050A38}.Release|x64.Build.0 = Release|x64
		{B878A48F-6CEC-4431-9758-E229B5050A38}.Release|x86.ActiveCfg = Release|Win32
		{B878A48F-6CEC-4431-9758-E229B5050A38}.Release|x86.Build.0 = Release|Win32
		{4ABA66BB-59A1-4268-8DEC-75E205B075B2}.Debug|x64.ActiveCfg = Debug|x64
		{4ABA66BB-59A1-4268-8DEC-75E205B075B2}.Debug|x64.Build.0 = Debug|x64
		{4ABA66BB-59A1-4268-8DEC-75E205B075B2}.Debug|x86.ActiveCfg = Debug|Win32
		{4ABA66BB-59A1-4268-8DEC-75E205B075B2}.Debug|x86.Build.0 = Debug|Win32
		{4ABA66BB-59A1-4268-8DEC-75E205B075B2}.Release|x64.ActiveCfg = Release|x64
		{4ABA66BB-59A1-4268-8DEC-75E205B075B2}.Release|x64.Build.0 = Release|x64
		{4ABA66BB-59A1-4268-8DEC-75E205B075B2}.Release|x86.ActiveCfg = Release|Win32
		{4ABA66BB-59A1-4268-8DEC-75E205B075B2}.Release|x86.Build.0 = Release|Win32
		{E6D4BD82-5FAF-447F-ADF1-E0AC3474FC24}.Debug|x64.ActiveCfg = Debug|x64
		{E6D4BD82-5FAF-447F-ADF1-E0AC3474FC24}.Debug|x64.Build.0 = Debug|x64
		{E6D4BD82-5FAF-447F-ADF1-E0AC3474FC24}.Debug|x86.ActiveCfg = Debug|Win32
		{E6D4BD82-5FAF-447F-ADF1-E0AC3474FC24}.Debug|x86.Build.0 = Debug|Win32
		{E6D4BD82-5FAF-447F-ADF1-E0AC3474FC24}.Release|x64.ActiveCfg = Release|x64
		{E6D4BD82-5FAF-447F-ADF1-E0AC3474FC24}.Release|x64.Build.0 = Release|x64
		{E6D4BD82-5FAF-447F-ADF1-E0AC3474FC24}.Release|x86.ActiveCfg = Release|Win32
		{E6D4BD82-5FAF-447F-ADF1-E0AC3474FC24}.Release|x86.Build.0 = Release|Win32
		{475D0D63-2B1F-4448-B1B9-07A8C3DEE656}.Debug|x64.ActiveCfg = Debug|x64
		{475D0D63-2B1F-4448-B1B9-07A8C3DEE656}.Debug|x64.Build.0 = Debug|x64
		{475D0D63-2B1F-4448-B1B9-07A8C3DEE656}.Debug|x86.ActiveCfg = Debug|Win32
		{475D0D63-2B1F-4448-B1B9-07A8C3DEE656}.Debug|x86.Build.0 = Debug|Win32
		{475D0D63-2B1F-4448-B1B9-07A8C3DEE656}.Release|x64.ActiveCfg = Release|x64
		{475D0D63-2B1F-4448-B1B9-07A8C3DEE656}.Release|x64.Build.0 = Release|x64
		{475D0D63-2B1F-4448-B1B9-07A8C3DEE656}.Release|x86.ActiveCfg = Release|Win32
		{475D0D63-2B1F-4448-B1B9-07A8C3DEE656}.Release|x86.Build.0 = Release|Win32
		{72D9821C-0681-4E9B-B190-77C0A55E0BB8}.Debug|x64.ActiveCfg = Debug|x64
		{72D9821C-0681-4E9B-B190-77C0A55E0BB8}.Debug|x64.Build.0 = Debug|x64
		{72D9821C-0681-4E9B-B190-77C0A55E0BB8}.Debug|x86.ActiveCfg = Debug|Win32
		{72D9821C-0681-4E9B-B190-77C0A55E0BB8}.Debug|x86.Build.0 = Debug|Win32
		{72D9821C-0681-4E9B-B190-77C0A55E0BB8}.Release|x64.ActiveCfg = Release|x64
		{72D9821C-0681-4E9B-B190-77C0A55E0BB8}.Release|x64.Build.0 = Release|x64
		{72D9821C-0681-4E9B-B190-77C0A55E0BB8}.Release|x86.ActiveCfg = Release|Win32
		{72D9821C-0681-4E9B-B190-77C0A55E0BB8}.Release|x86.Build.0 = Release|Win32
		{EF7F8860-83B7-41DB-A57B-4B009CDF556E}.Debug|x64.ActiveCfg = Debug|x64
		{EF7F8860-83B7-41DB-A57B-4B009CDF556E}.Debug|x64.Build.0 = Debug|x64
		{EF7F8860-83B7-41DB-A57B-4B009CDF556E}.Debug|x86.ActiveCfg = Debug|Win32
		{EF7F8860-83B7-41DB-A57B-4B009CDF556E}.Debug|x86.Build.0 = Debug|Win32
		{EF7F8860-83B7-41DB-A57B-4B009CDF556E}.Release|x64.ActiveCfg = Release|x64
		{EF7F8860-83B7-41DB-A57B-4B009CDF556E}.Release|x64.Build.0 = Release|x64
		{EF7F8860-83B7-41DB-A57B-4B009CDF556E}.Release|x86.ActiveCfg = Release|Win32
		{EF7F8860-83B7-41DB-A57B-4B009CDF556E}.Release|x86.Build.0 = Release|Win32
	EndGlobalSection
	GlobalSection(SolutionProperties) = preSolution
		HideSolutionNode = FALSE
	EndGlobalSection
	GlobalSection(ExtensibilityGlobals) = postSolution
		SolutionGuid = {957C106E-9C39-46D9-B4C4-60564A5652B2}
	EndGlobalSection
EndGlobal
